
Microsoft Visual Studio Solution File, Format Version 12.00
# Visual Studio Version 17
VisualStudioVersion = 17.7.34202.233
MinimumVisualStudioVersion = 10.0.40219.1
Project("{9A19103F-16F7-4668-BE54-9A1E7A4F7556}") = "WpfApp2", "WpfApp2\WpfApp2.csproj", "{35404039-B22C-41D0-B7F0-3542C49E9C64}"
EndProject
Project("{9A19103F-16F7-4668-BE54-9A1E7A4F7556}") = "ConsoleApp1", "ConsoleApp1\ConsoleApp1.csproj", "{FC8CBD4E-93D0-4DFC-AF66-5738289A94EB}"
EndProject
Global
	GlobalSection(SolutionConfigurationPlatforms) = preSolution
		Debug|Any CPU = Debug|Any CPU
		Debug|ARM64 = Debug|ARM64
		Debug|x64 = Debug|x64
		Debug|x86 = Debug|x86
		Release|Any CPU = Release|Any CPU
		Release|ARM64 = Release|ARM64
		Release|x64 = Release|x64
		Release|x86 = Release|x86
		Test1|Any CPU = Test1|Any CPU
		Test1|ARM64 = Test1|ARM64
		Test1|x64 = Test1|x64
		Test1|x86 = Test1|x86
		Test2|Any CPU = Test2|Any CPU
		Test2|ARM64 = Test2|ARM64
		Test2|x64 = Test2|x64
		Test2|x86 = Test2|x86
	EndGlobalSection
	GlobalSection(ProjectConfigurationPlatforms) = postSolution
		{35404039-B22C-41D0-B7F0-3542C49E9C64}.Debug|Any CPU.ActiveCfg = Debug|Any CPU
		{35404039-B22C-41D0-B7F0-3542C49E9C64}.Debug|Any CPU.Build.0 = Debug|Any CPU
		{35404039-B22C-41D0-B7F0-3542C49E9C64}.Debug|ARM64.ActiveCfg = Debug|Any CPU
		{35404039-B22C-41D0-B7F0-3542C49E9C64}.Debug|ARM64.Build.0 = Debug|Any CPU
		{35404039-B22C-41D0-B7F0-3542C49E9C64}.Debug|x64.ActiveCfg = Debug|Any CPU
		{35404039-B22C-41D0-B7F0-3542C49E9C64}.Debug|x64.Build.0 = Debug|Any CPU
		{35404039-B22C-41D0-B7F0-3542C49E9C64}.Debug|x86.ActiveCfg = Debug|Any CPU
		{35404039-B22C-41D0-B7F0-3542C49E9C64}.Debug|x86.Build.0 = Debug|Any CPU
		{35404039-B22C-41D0-B7F0-3542C49E9C64}.Release|Any CPU.ActiveCfg = Release|Any CPU
		{35404039-B22C-41D0-B7F0-3542C49E9C64}.Release|Any CPU.Build.0 = Release|Any CPU
		{35404039-B22C-41D0-B7F0-3542C49E9C64}.Release|ARM64.ActiveCfg = Release|Any CPU
		{35404039-B22C-41D0-B7F0-3542C49E9C64}.Release|ARM64.Build.0 = Release|Any CPU
		{35404039-B22C-41D0-B7F0-3542C49E9C64}.Release|x64.ActiveCfg = Release|Any CPU
		{35404039-B22C-41D0-B7F0-3542C49E9C64}.Release|x64.Build.0 = Release|Any CPU
		{35404039-B22C-41D0-B7F0-3542C49E9C64}.Release|x86.ActiveCfg = Release|Any CPU
		{35404039-B22C-41D0-B7F0-3542C49E9C64}.Release|x86.Build.0 = Release|Any CPU
		{35404039-B22C-41D0-B7F0-3542C49E9C64}.Test1|Any CPU.ActiveCfg = Debug|Any CPU
		{35404039-B22C-41D0-B7F0-3542C49E9C64}.Test1|Any CPU.Build.0 = Debug|Any CPU
		{35404039-B22C-41D0-B7F0-3542C49E9C64}.Test1|ARM64.ActiveCfg = Release|Any CPU
		{35404039-B22C-41D0-B7F0-3542C49E9C64}.Test1|ARM64.Build.0 = Release|Any CPU
		{35404039-B22C-41D0-B7F0-3542C49E9C64}.Test1|x64.ActiveCfg = Release|Any CPU
		{35404039-B22C-41D0-B7F0-3542C49E9C64}.Test1|x64.Build.0 = Release|Any CPU
		{35404039-B22C-41D0-B7F0-3542C49E9C64}.Test1|x86.ActiveCfg = Release|Any CPU
		{35404039-B22C-41D0-B7F0-3542C49E9C64}.Test1|x86.Build.0 = Release|Any CPU
		{35404039-B22C-41D0-B7F0-3542C49E9C64}.Test2|Any CPU.ActiveCfg = Debug|Any CPU
		{35404039-B22C-41D0-B7F0-3542C49E9C64}.Test2|Any CPU.Build.0 = Debug|Any CPU
		{35404039-B22C-41D0-B7F0-3542C49E9C64}.Test2|ARM64.ActiveCfg = Release|Any CPU
		{35404039-B22C-41D0-B7F0-3542C49E9C64}.Test2|ARM64.Build.0 = Release|Any CPU
		{35404039-B22C-41D0-B7F0-3542C49E9C64}.Test2|x64.ActiveCfg = Release|Any CPU
		{35404039-B22C-41D0-B7F0-3542C49E9C64}.Test2|x64.Build.0 = Release|Any CPU
		{35404039-B22C-41D0-B7F0-3542C49E9C64}.Test2|x86.ActiveCfg = Release|Any CPU
		{35404039-B22C-41D0-B7F0-3542C49E9C64}.Test2|x86.Build.0 = Release|Any CPU
		{FC8CBD4E-93D0-4DFC-AF66-5738289A94EB}.Debug|Any CPU.ActiveCfg = Debug|Any CPU
		{FC8CBD4E-93D0-4DFC-AF66-5738289A94EB}.Debug|Any CPU.Build.0 = Debug|Any CPU
		{FC8CBD4E-93D0-4DFC-AF66-5738289A94EB}.Debug|ARM64.ActiveCfg = Debug|Any CPU
		{FC8CBD4E-93D0-4DFC-AF66-5738289A94EB}.Debug|ARM64.Build.0 = Debug|Any CPU
		{FC8CBD4E-93D0-4DFC-AF66-5738289A94EB}.Debug|x64.ActiveCfg = Debug|Any CPU
		{FC8CBD4E-93D0-4DFC-AF66-5738289A94EB}.Debug|x64.Build.0 = Debug|Any CPU
		{FC8CBD4E-93D0-4DFC-AF66-5738289A94EB}.Debug|x86.ActiveCfg = Debug|Any CPU
		{FC8CBD4E-93D0-4DFC-AF66-5738289A94EB}.Debug|x86.Build.0 = Debug|Any CPU
		{FC8CBD4E-93D0-4DFC-AF66-5738289A94EB}.Release|Any CPU.ActiveCfg = Release|Any CPU
		{FC8CBD4E-93D0-4DFC-AF66-5738289A94EB}.Release|Any CPU.Build.0 = Release|Any CPU
		{FC8CBD4E-93D0-4DFC-AF66-5738289A94EB}.Release|ARM64.ActiveCfg = Release|Any CPU
		{FC8CBD4E-93D0-4DFC-AF66-5738289A94EB}.Release|ARM64.Build.0 = Release|Any CPU
		{FC8CBD4E-93D0-4DFC-AF66-5738289A94EB}.Release|x64.ActiveCfg = Release|Any CPU
		{FC8CBD4E-93D0-4DFC-AF66-5738289A94EB}.Release|x64.Build.0 = Release|Any CPU
		{FC8CBD4E-93D0-4DFC-AF66-5738289A94EB}.Release|x86.ActiveCfg = Release|Any CPU
		{FC8CBD4E-93D0-4DFC-AF66-5738289A94EB}.Release|x86.Build.0 = Release|Any CPU
		{FC8CBD4E-93D0-4DFC-AF66-5738289A94EB}.Test1|Any CPU.ActiveCfg = Debug|Any CPU
		{FC8CBD4E-93D0-4DFC-AF66-5738289A94EB}.Test1|Any CPU.Build.0 = Debug|Any CPU
		{FC8CBD4E-93D0-4DFC-AF66-5738289A94EB}.Test1|ARM64.ActiveCfg = Debug|Any CPU
		{FC8CBD4E-93D0-4DFC-AF66-5738289A94EB}.Test1|ARM64.Build.0 = Debug|Any CPU
		{FC8CBD4E-93D0-4DFC-AF66-5738289A94EB}.Test1|x64.ActiveCfg = Debug|Any CPU
		{FC8CBD4E-93D0-4DFC-AF66-5738289A94EB}.Test1|x64.Build.0 = Debug|Any CPU
		{FC8CBD4E-93D0-4DFC-AF66-5738289A94EB}.Test1|x86.ActiveCfg = Debug|Any CPU
		{FC8CBD4E-93D0-4DFC-AF66-5738289A94EB}.Test1|x86.Build.0 = Debug|Any CPU
		{FC8CBD4E-93D0-4DFC-AF66-5738289A94EB}.Test2|Any CPU.ActiveCfg = Debug|Any CPU
		{FC8CBD4E-93D0-4DFC-AF66-5738289A94EB}.Test2|Any CPU.Build.0 = Debug|Any CPU
		{FC8CBD4E-93D0-4DFC-AF66-5738289A94EB}.Test2|ARM64.ActiveCfg = Debug|Any CPU
		{FC8CBD4E-93D0-4DFC-AF66-5738289A94EB}.Test2|ARM64.Build.0 = Debug|Any CPU
		{FC8CBD4E-93D0-4DFC-AF66-5738289A94EB}.Test2|x64.ActiveCfg = Debug|Any CPU
		{FC8CBD4E-93D0-4DFC-AF66-5738289A94EB}.Test2|x64.Build.0 = Debug|Any CPU
		{FC8CBD4E-93D0-4DFC-AF66-5738289A94EB}.Test2|x86.ActiveCfg = Debug|Any CPU
		{FC8CBD4E-93D0-4DFC-AF66-5738289A94EB}.Test2|x86.Build.0 = Debug|Any CPU
	EndGlobalSection
	GlobalSection(SolutionProperties) = preSolution
		HideSolutionNode = FALSE
	EndGlobalSection
	GlobalSection(ExtensibilityGlobals) = postSolution
		SolutionGuid = {884FE1FE-92C7-46D9-9951-C0C87E29BB3B}
	EndGlobalSection
EndGlobal
